// !$*UTF8*$!
{
	archiveVersion = 1;
	classes = {
	};
	objectVersion = 55;
	objects = {

/* Begin PBXBuildFile section */
		7126260E28C5C92100432BC6 /* PublishersExtension.swift in Sources */ = {isa = PBXBuildFile; fileRef = 7126260D28C5C92100432BC6 /* PublishersExtension.swift */; };
		7126261028C5C95500432BC6 /* UIControlExtension.swift in Sources */ = {isa = PBXBuildFile; fileRef = 7126260F28C5C95500432BC6 /* UIControlExtension.swift */; };
		71A365F728C347D8001AEA1B /* AppDelegate.swift in Sources */ = {isa = PBXBuildFile; fileRef = 71A365F628C347D8001AEA1B /* AppDelegate.swift */; };
		71A365F928C347D8001AEA1B /* SceneDelegate.swift in Sources */ = {isa = PBXBuildFile; fileRef = 71A365F828C347D8001AEA1B /* SceneDelegate.swift */; };
		71A365FB28C347D8001AEA1B /* ViewController.swift in Sources */ = {isa = PBXBuildFile; fileRef = 71A365FA28C347D8001AEA1B /* ViewController.swift */; };
		71A365FE28C347D8001AEA1B /* Main.storyboard in Resources */ = {isa = PBXBuildFile; fileRef = 71A365FC28C347D8001AEA1B /* Main.storyboard */; };
		71A3660028C347D9001AEA1B /* Assets.xcassets in Resources */ = {isa = PBXBuildFile; fileRef = 71A365FF28C347D9001AEA1B /* Assets.xcassets */; };
		71A3660328C347D9001AEA1B /* LaunchScreen.storyboard in Resources */ = {isa = PBXBuildFile; fileRef = 71A3660128C347D9001AEA1B /* LaunchScreen.storyboard */; };
		71A3660B28C34B63001AEA1B /* ViewModel.swift in Sources */ = {isa = PBXBuildFile; fileRef = 71A3660A28C34B63001AEA1B /* ViewModel.swift */; };
		71A3660E28C34D39001AEA1B /* Then in Frameworks */ = {isa = PBXBuildFile; productRef = 71A3660D28C34D39001AEA1B /* Then */; };
		71A3661128C34D4A001AEA1B /* SnapKit in Frameworks */ = {isa = PBXBuildFile; productRef = 71A3661028C34D4A001AEA1B /* SnapKit */; };
		71A3661428C35178001AEA1B /* UITextFieldExtension.swift in Sources */ = {isa = PBXBuildFile; fileRef = 71A3661328C35178001AEA1B /* UITextFieldExtension.swift */; };
/* End PBXBuildFile section */

/* Begin PBXFileReference section */
		7126260D28C5C92100432BC6 /* PublishersExtension.swift */ = {isa = PBXFileReference; lastKnownFileType = sourcecode.swift; path = PublishersExtension.swift; sourceTree = "<group>"; };
		7126260F28C5C95500432BC6 /* UIControlExtension.swift */ = {isa = PBXFileReference; lastKnownFileType = sourcecode.swift; path = UIControlExtension.swift; sourceTree = "<group>"; };
		71A365F328C347D8001AEA1B /* PasswordMatcher.app */ = {isa = PBXFileReference; explicitFileType = wrapper.application; includeInIndex = 0; path = PasswordMatcher.app; sourceTree = BUILT_PRODUCTS_DIR; };
		71A365F628C347D8001AEA1B /* AppDelegate.swift */ = {isa = PBXFileReference; lastKnownFileType = sourcecode.swift; path = AppDelegate.swift; sourceTree = "<group>"; };
		71A365F828C347D8001AEA1B /* SceneDelegate.swift */ = {isa = PBXFileReference; lastKnownFileType = sourcecode.swift; path = SceneDelegate.swift; sourceTree = "<group>"; };
		71A365FA28C347D8001AEA1B /* ViewController.swift */ = {isa = PBXFileReference; lastKnownFileType = sourcecode.swift; path = ViewController.swift; sourceTree = "<group>"; };
		71A365FD28C347D8001AEA1B /* Base */ = {isa = PBXFileReference; lastKnownFileType = file.storyboard; name = Base; path = Base.lproj/Main.storyboard; sourceTree = "<group>"; };
		71A365FF28C347D9001AEA1B /* Assets.xcassets */ = {isa = PBXFileReference; lastKnownFileType = folder.assetcatalog; path = Assets.xcassets; sourceTree = "<group>"; };
		71A3660228C347D9001AEA1B /* Base */ = {isa = PBXFileReference; lastKnownFileType = file.storyboard; name = Base; path = Base.lproj/LaunchScreen.storyboard; sourceTree = "<group>"; };
		71A3660428C347D9001AEA1B /* Info.plist */ = {isa = PBXFileReference; lastKnownFileType = text.plist.xml; path = Info.plist; sourceTree = "<group>"; };
		71A3660A28C34B63001AEA1B /* ViewModel.swift */ = {isa = PBXFileReference; lastKnownFileType = sourcecode.swift; path = ViewModel.swift; sourceTree = "<group>"; };
		71A3661328C35178001AEA1B /* UITextFieldExtension.swift */ = {isa = PBXFileReference; lastKnownFileType = sourcecode.swift; path = UITextFieldExtension.swift; sourceTree = "<group>"; };
/* End PBXFileReference section */

/* Begin PBXFrameworksBuildPhase section */
		71A365F028C347D8001AEA1B /* Frameworks */ = {
			isa = PBXFrameworksBuildPhase;
			buildActionMask = 2147483647;
			files = (
				71A3660E28C34D39001AEA1B /* Then in Frameworks */,
				71A3661128C34D4A001AEA1B /* SnapKit in Frameworks */,
			);
			runOnlyForDeploymentPostprocessing = 0;
		};
/* End PBXFrameworksBuildPhase section */

/* Begin PBXGroup section */
		71A365EA28C347D8001AEA1B = {
			isa = PBXGroup;
			children = (
				71A365F528C347D8001AEA1B /* PasswordMatcher */,
				71A365F428C347D8001AEA1B /* Products */,
			);
			sourceTree = "<group>";
		};
		71A365F428C347D8001AEA1B /* Products */ = {
			isa = PBXGroup;
			children = (
				71A365F328C347D8001AEA1B /* PasswordMatcher.app */,
			);
			name = Products;
			sourceTree = "<group>";
		};
		71A365F528C347D8001AEA1B /* PasswordMatcher */ = {
			isa = PBXGroup;
			children = (
				71A3661228C3516E001AEA1B /* Extension */,
				71A365F628C347D8001AEA1B /* AppDelegate.swift */,
				71A365F828C347D8001AEA1B /* SceneDelegate.swift */,
				71A365FA28C347D8001AEA1B /* ViewController.swift */,
				71A3660A28C34B63001AEA1B /* ViewModel.swift */,
				71A365FC28C347D8001AEA1B /* Main.storyboard */,
				71A365FF28C347D9001AEA1B /* Assets.xcassets */,
				71A3660128C347D9001AEA1B /* LaunchScreen.storyboard */,
				71A3660428C347D9001AEA1B /* Info.plist */,
			);
			path = PasswordMatcher;
			sourceTree = "<group>";
		};
		71A3661228C3516E001AEA1B /* Extension */ = {
			isa = PBXGroup;
			children = (
				7126260F28C5C95500432BC6 /* UIControlExtension.swift */,
				71A3661328C35178001AEA1B /* UITextFieldExtension.swift */,
				7126260D28C5C92100432BC6 /* PublishersExtension.swift */,
			);
			path = Extension;
			sourceTree = "<group>";
		};
/* End PBXGroup section */

/* Begin PBXNativeTarget section */
		71A365F228C347D8001AEA1B /* PasswordMatcher */ = {
			isa = PBXNativeTarget;
			buildConfigurationList = 71A3660728C347DA001AEA1B /* Build configuration list for PBXNativeTarget "PasswordMatcher" */;
			buildPhases = (
				71A365EF28C347D8001AEA1B /* Sources */,
				71A365F028C347D8001AEA1B /* Frameworks */,
				71A365F128C347D8001AEA1B /* Resources */,
			);
			buildRules = (
			);
			dependencies = (
			);
			name = PasswordMatcher;
			packageProductDependencies = (
				71A3660D28C34D39001AEA1B /* Then */,
				71A3661028C34D4A001AEA1B /* SnapKit */,
			);
			productName = PasswordMatcher;
			productReference = 71A365F328C347D8001AEA1B /* PasswordMatcher.app */;
			productType = "com.apple.product-type.application";
		};
/* End PBXNativeTarget section */

/* Begin PBXProject section */
		71A365EB28C347D8001AEA1B /* Project object */ = {
			isa = PBXProject;
			attributes = {
				BuildIndependentTargetsInParallel = 1;
				LastSwiftUpdateCheck = 1340;
				LastUpgradeCheck = 1340;
				TargetAttributes = {
					71A365F228C347D8001AEA1B = {
						CreatedOnToolsVersion = 13.4.1;
					};
				};
			};
			buildConfigurationList = 71A365EE28C347D8001AEA1B /* Build configuration list for PBXProject "PasswordMatcher" */;
			compatibilityVersion = "Xcode 13.0";
			developmentRegion = en;
			hasScannedForEncodings = 0;
			knownRegions = (
				en,
				Base,
			);
			mainGroup = 71A365EA28C347D8001AEA1B;
			packageReferences = (
				71A3660C28C34D39001AEA1B /* XCRemoteSwiftPackageReference "Then" */,
				71A3660F28C34D4A001AEA1B /* XCRemoteSwiftPackageReference "SnapKit" */,
			);
			productRefGroup = 71A365F428C347D8001AEA1B /* Products */;
			projectDirPath = "";
			projectRoot = "";
			targets = (
				71A365F228C347D8001AEA1B /* PasswordMatcher */,
			);
		};
/* End PBXProject section */

/* Begin PBXResourcesBuildPhase section */
		71A365F128C347D8001AEA1B /* Resources */ = {
			isa = PBXResourcesBuildPhase;
			buildActionMask = 2147483647;
			files = (
				71A3660328C347D9001AEA1B /* LaunchScreen.storyboard in Resources */,
				71A3660028C347D9001AEA1B /* Assets.xcassets in Resources */,
				71A365FE28C347D8001AEA1B /* Main.storyboard in Resources */,
			);
			runOnlyForDeploymentPostprocessing = 0;
		};
/* End PBXResourcesBuildPhase section */

/* Begin PBXSourcesBuildPhase section */
		71A365EF28C347D8001AEA1B /* Sources */ = {
			isa = PBXSourcesBuildPhase;
			buildActionMask = 2147483647;
			files = (
				7126260E28C5C92100432BC6 /* PublishersExtension.swift in Sources */,
				7126261028C5C95500432BC6 /* UIControlExtension.swift in Sources */,
				71A3661428C35178001AEA1B /* UITextFieldExtension.swift in Sources */,
				71A365FB28C347D8001AEA1B /* ViewController.swift in Sources */,
				71A365F728C347D8001AEA1B /* AppDelegate.swift in Sources */,
				71A3660B28C34B63001AEA1B /* ViewModel.swift in Sources */,
				71A365F928C347D8001AEA1B /* SceneDelegate.swift in Sources */,
			);
			runOnlyForDeploymentPostprocessing = 0;
		};
/* End PBXSourcesBuildPhase section */

/* Begin PBXVariantGroup section */
		71A365FC28C347D8001AEA1B /* Main.storyboard */ = {
			isa = PBXVariantGroup;
			children = (
				71A365FD28C347D8001AEA1B /* Base */,
			);
			name = Main.storyboard;
			sourceTree = "<group>";
		};
		71A3660128C347D9001AEA1B /* LaunchScreen.storyboard */ = {
			isa = PBXVariantGroup;
			children = (
				71A3660228C347D9001AEA1B /* Base */,
			);
			name = LaunchScreen.storyboard;
			sourceTree = "<group>";
		};
/* End PBXVariantGroup section */

/* Begin XCBuildConfiguration section */
		71A3660528C347DA001AEA1B /* Debug */ = {
			isa = XCBuildConfiguration;
			buildSettings = {
				ALWAYS_SEARCH_USER_PATHS = NO;
				CLANG_ANALYZER_NONNULL = YES;
				CLANG_ANALYZER_NUMBER_OBJECT_CONVERSION = YES_AGGRESSIVE;
				CLANG_CXX_LANGUAGE_STANDARD = "gnu++17";
				CLANG_ENABLE_MODULES = YES;
				CLANG_ENABLE_OBJC_ARC = YES;
				CLANG_ENABLE_OBJC_WEAK = YES;
				CLANG_WARN_BLOCK_CAPTURE_AUTORELEASING = YES;
				CLANG_WARN_BOOL_CONVERSION = YES;
				CLANG_WARN_COMMA = YES;
				CLANG_WARN_CONSTANT_CONVERSION = YES;
				CLANG_WARN_DEPRECATED_OBJC_IMPLEMENTATIONS = YES;
				CLANG_WARN_DIRECT_OBJC_ISA_USAGE = YES_ERROR;
				CLANG_WARN_DOCUMENTATION_COMMENTS = YES;
				CLANG_WARN_EMPTY_BODY = YES;
				CLANG_WARN_ENUM_CONVERSION = YES;
				CLANG_WARN_INFINITE_RECURSION = YES;
				CLANG_WARN_INT_CONVERSION = YES;
				CLANG_WARN_NON_LITERAL_NULL_CONVERSION = YES;
				CLANG_WARN_OBJC_IMPLICIT_RETAIN_SELF = YES;
				CLANG_WARN_OBJC_LITERAL_CONVERSION = YES;
				CLANG_WARN_OBJC_ROOT_CLASS = YES_ERROR;
				CLANG_WARN_QUOTED_INCLUDE_IN_FRAMEWORK_HEADER = YES;
				CLANG_WARN_RANGE_LOOP_ANALYSIS = YES;
				CLANG_WARN_STRICT_PROTOTYPES = YES;
				CLANG_WARN_SUSPICIOUS_MOVE = YES;
				CLANG_WARN_UNGUARDED_AVAILABILITY = YES_AGGRESSIVE;
				CLANG_WARN_UNREACHABLE_CODE = YES;
				CLANG_WARN__DUPLICATE_METHOD_MATCH = YES;
				COPY_PHASE_STRIP = NO;
				DEBUG_INFORMATION_FORMAT = dwarf;
				ENABLE_STRICT_OBJC_MSGSEND = YES;
				ENABLE_TESTABILITY = YES;
				GCC_C_LANGUAGE_STANDARD = gnu11;
				GCC_DYNAMIC_NO_PIC = NO;
				GCC_NO_COMMON_BLOCKS = YES;
				GCC_OPTIMIZATION_LEVEL = 0;
				GCC_PREPROCESSOR_DEFINITIONS = (
					"DEBUG=1",
					"$(inherited)",
				);
				GCC_WARN_64_TO_32_BIT_CONVERSION = YES;
				GCC_WARN_ABOUT_RETURN_TYPE = YES_ERROR;
				GCC_WARN_UNDECLARED_SELECTOR = YES;
				GCC_WARN_UNINITIALIZED_AUTOS = YES_AGGRESSIVE;
				GCC_WARN_UNUSED_FUNCTION = YES;
				GCC_WARN_UNUSED_VARIABLE = YES;
				IPHONEOS_DEPLOYMENT_TARGET = 15.5;
				MTL_ENABLE_DEBUG_INFO = INCLUDE_SOURCE;
				MTL_FAST_MATH = YES;
				ONLY_ACTIVE_ARCH = YES;
				SDKROOT = iphoneos;
				SWIFT_ACTIVE_COMPILATION_CONDITIONS = DEBUG;
				SWIFT_OPTIMIZATION_LEVEL = "-Onone";
			};
			name = Debug;
		};
		71A3660628C347DA001AEA1B /* Release */ = {
			isa = XCBuildConfiguration;
			buildSettings = {
				ALWAYS_SEARCH_USER_PATHS = NO;
				CLANG_ANALYZER_NONNULL = YES;
				CLANG_ANALYZER_NUMBER_OBJECT_CONVERSION = YES_AGGRESSIVE;
				CLANG_CXX_LANGUAGE_STANDARD = "gnu++17";
				CLANG_ENABLE_MODULES = YES;
				CLANG_ENABLE_OBJC_ARC = YES;
				CLANG_ENABLE_OBJC_WEAK = YES;
				CLANG_WARN_BLOCK_CAPTURE_AUTORELEASING = YES;
				CLANG_WARN_BOOL_CONVERSION = YES;
				CLANG_WARN_COMMA = YES;
				CLANG_WARN_CONSTANT_CONVERSION = YES;
				CLANG_WARN_DEPRECATED_OBJC_IMPLEMENTATIONS = YES;
				CLANG_WARN_DIRECT_OBJC_ISA_USAGE = YES_ERROR;
				CLANG_WARN_DOCUMENTATION_COMMENTS = YES;
				CLANG_WARN_EMPTY_BODY = YES;
				CLANG_WARN_ENUM_CONVERSION = YES;
				CLANG_WARN_INFINITE_RECURSION = YES;
				CLANG_WARN_INT_CONVERSION = YES;
				CLANG_WARN_NON_LITERAL_NULL_CONVERSION = YES;
				CLANG_WARN_OBJC_IMPLICIT_RETAIN_SELF = YES;
				CLANG_WARN_OBJC_LITERAL_CONVERSION = YES;
				CLANG_WARN_OBJC_ROOT_CLASS = YES_ERROR;
				CLANG_WARN_QUOTED_INCLUDE_IN_FRAMEWORK_HEADER = YES;
				CLANG_WARN_RANGE_LOOP_ANALYSIS = YES;
				CLANG_WARN_STRICT_PROTOTYPES = YES;
				CLANG_WARN_SUSPICIOUS_MOVE = YES;
				CLANG_WARN_UNGUARDED_AVAILABILITY = YES_AGGRESSIVE;
				CLANG_WARN_UNREACHABLE_CODE = YES;
				CLANG_WARN__DUPLICATE_METHOD_MATCH = YES;
				COPY_PHASE_STRIP = NO;
				DEBUG_INFORMATION_FORMAT = "dwarf-with-dsym";
				ENABLE_NS_ASSERTIONS = NO;
				ENABLE_STRICT_OBJC_MSGSEND = YES;
				GCC_C_LANGUAGE_STANDARD = gnu11;
				GCC_NO_COMMON_BLOCKS = YES;
				GCC_WARN_64_TO_32_BIT_CONVERSION = YES;
				GCC_WARN_ABOUT_RETURN_TYPE = YES_ERROR;
				GCC_WARN_UNDECLARED_SELECTOR = YES;
				GCC_WARN_UNINITIALIZED_AUTOS = YES_AGGRESSIVE;
				GCC_WARN_UNUSED_FUNCTION = YES;
				GCC_WARN_UNUSED_VARIABLE = YES;
				IPHONEOS_DEPLOYMENT_TARGET = 15.5;
				MTL_ENABLE_DEBUG_INFO = NO;
				MTL_FAST_MATH = YES;
				SDKROOT = iphoneos;
				SWIFT_COMPILATION_MODE = wholemodule;
				SWIFT_OPTIMIZATION_LEVEL = "-O";
				VALIDATE_PRODUCT = YES;
			};
			name = Release;
		};
		71A3660828C347DA001AEA1B /* Debug */ = {
			isa = XCBuildConfiguration;
			buildSettings = {
				ASSETCATALOG_COMPILER_APPICON_NAME = AppIcon;
				ASSETCATALOG_COMPILER_GLOBAL_ACCENT_COLOR_NAME = AccentColor;
				CODE_SIGN_STYLE = Automatic;
				CURRENT_PROJECT_VERSION = 1;
				DEVELOPMENT_TEAM = 792N87PWZU;
				GENERATE_INFOPLIST_FILE = YES;
				INFOPLIST_FILE = PasswordMatcher/Info.plist;
				INFOPLIST_KEY_UIApplicationSupportsIndirectInputEvents = YES;
				INFOPLIST_KEY_UILaunchStoryboardName = LaunchScreen;
				INFOPLIST_KEY_UIMainStoryboardFile = Main;
				INFOPLIST_KEY_UISupportedInterfaceOrientations_iPad = "UIInterfaceOrientationPortrait UIInterfaceOrientationPortraitUpsideDown UIInterfaceOrientationLandscapeLeft UIInterfaceOrientationLandscapeRight";
				INFOPLIST_KEY_UISupportedInterfaceOrientations_iPhone = "UIInterfaceOrientationPortrait UIInterfaceOrientationLandscapeLeft UIInterfaceOrientationLandscapeRight";
				LD_RUNPATH_SEARCH_PATHS = (
					"$(inherited)",
					"@executable_path/Frameworks",
				);
				MARKETING_VERSION = 1.0;
				PRODUCT_BUNDLE_IDENTIFIER = com.mnis.PasswordMatcher;
				PRODUCT_NAME = "$(TARGET_NAME)";
				SWIFT_EMIT_LOC_STRINGS = YES;
				SWIFT_VERSION = 5.0;
				TARGETED_DEVICE_FAMILY = "1,2";
			};
			name = Debug;
		};
		71A3660928C347DA001AEA1B /* Release */ = {
			isa = XCBuildConfiguration;
			buildSettings = {
				ASSETCATALOG_COMPILER_APPICON_NAME = AppIcon;
				ASSETCATALOG_COMPILER_GLOBAL_ACCENT_COLOR_NAME = AccentColor;
				CODE_SIGN_STYLE = Automatic;
				CURRENT_PROJECT_VERSION = 1;
				DEVELOPMENT_TEAM = 792N87PWZU;
				GENERATE_INFOPLIST_FILE = YES;
				INFOPLIST_FILE = PasswordMatcher/Info.plist;
				INFOPLIST_KEY_UIApplicationSupportsIndirectInputEvents = YES;
				INFOPLIST_KEY_UILaunchStoryboardName = LaunchScreen;
				INFOPLIST_KEY_UIMainStoryboardFile = Main;
				INFOPLIST_KEY_UISupportedInterfaceOrientations_iPad = "UIInterfaceOrientationPortrait UIInterfaceOrientationPortraitUpsideDown UIInterfaceOrientationLandscapeLeft UIInterfaceOrientationLandscapeRight";
				INFOPLIST_KEY_UISupportedInterfaceOrientations_iPhone = "UIInterfaceOrientationPortrait UIInterfaceOrientationLandscapeLeft UIInterfaceOrientationLandscapeRight";
				LD_RUNPATH_SEARCH_PATHS = (
					"$(inherited)",
					"@executable_path/Frameworks",
				);
				MARKETING_VERSION = 1.0;
				PRODUCT_BUNDLE_IDENTIFIER = com.mnis.PasswordMatcher;
				PRODUCT_NAME = "$(TARGET_NAME)";
				SWIFT_EMIT_LOC_STRINGS = YES;
				SWIFT_VERSION = 5.0;
				TARGETED_DEVICE_FAMILY = "1,2";
			};
			name = Release;
		};
/* End XCBuildConfiguration section */

/* Begin XCConfigurationList section */
		71A365EE28C347D8001AEA1B /* Build configuration list for PBXProject "PasswordMatcher" */ = {
			isa = XCConfigurationList;
			buildConfigurations = (
				71A3660528C347DA001AEA1B /* Debug */,
				71A3660628C347DA001AEA1B /* Release */,
			);
			defaultConfigurationIsVisible = 0;
			defaultConfigurationName = Release;
		};
		71A3660728C347DA001AEA1B /* Build configuration list for PBXNativeTarget "PasswordMatcher" */ = {
			isa = XCConfigurationList;
			buildConfigurations = (
				71A3660828C347DA001AEA1B /* Debug */,
				71A3660928C347DA001AEA1B /* Release */,
			);
			defaultConfigurationIsVisible = 0;
			defaultConfigurationName = Release;
		};
/* End XCConfigurationList section */

/* Begin XCRemoteSwiftPackageReference section */
		71A3660C28C34D39001AEA1B /* XCRemoteSwiftPackageReference "Then" */ = {
			isa = XCRemoteSwiftPackageReference;
			repositoryURL = "https://github.com/devxoul/Then";
			requirement = {
				branch = master;
				kind = branch;
			};
		};
		71A3660F28C34D4A001AEA1B /* XCRemoteSwiftPackageReference "SnapKit" */ = {
			isa = XCRemoteSwiftPackageReference;
			repositoryURL = "https://github.com/SnapKit/SnapKit.git";
			requirement = {
				branch = develop;
				kind = branch;
			};
		};
/* End XCRemoteSwiftPackageReference section */

/* Begin XCSwiftPackageProductDependency section */
		71A3660D28C34D39001AEA1B /* Then */ = {
			isa = XCSwiftPackageProductDependency;
			package = 71A3660C28C34D39001AEA1B /* XCRemoteSwiftPackageReference "Then" */;
			productName = Then;
		};
		71A3661028C34D4A001AEA1B /* SnapKit */ = {
			isa = XCSwiftPackageProductDependency;
			package = 71A3660F28C34D4A001AEA1B /* XCRemoteSwiftPackageReference "SnapKit" */;
			productName = SnapKit;
		};
/* End XCSwiftPackageProductDependency section */
	};
	rootObject = 71A365EB28C347D8001AEA1B /* Project object */;
}
